Microsoft Visual Studio Solution File, Format Version 12.00
# Visual Studio Version 17
VisualStudioVersion = 17.0.31903.59
MinimumVisualStudioVersion = 10.0.40219.1
Project("{9A19103F-16F7-4668-BE54-9A1E7A4F7556}") = "Everything.Interop", "src\Everything.Interop\Everything.Interop.csproj", "{A1B2C3D4-E5F6-7890-1234-567890ABCDEF}"
EndProject
Project("{9A19103F-16F7-4668-BE54-9A1E7A4F7556}") = "Everything.Client", "src\Everything.Client\Everything.Client.csproj", "{1D10F135-7BF2-4F20-990F-80F1D617BDE2}"
EndProject
Project("{9A19103F-16F7-4668-BE54-9A1E7A4F7556}") = "Everything.Mcp", "src\Everything.Mcp\Everything.Mcp.csproj", "{B8C9D0E1-F2A3-4B5C-6D7E-8F90A1B2C3D4}"
EndProject
Project("{9A19103F-16F7-4668-BE54-9A1E7A4F7556}") = "Everything.Mcp.TestClient", "src\Everything.Mcp.TestClient\Everything.Mcp.TestClient.csproj", "{C1D2E3F4-A5B6-7C8D-9E0F-123456789ABC}"
EndProject
Project("{2150E333-8FDC-42A3-9474-1A3956D46DE8}") = "tests", "tests", "{D7B42DAA-A6BC-4A84-8EDF-6565B0E226FE}"
EndProject
Project("{9A19103F-16F7-4668-BE54-9A1E7A4F7556}") = "Everything.Interop.Tests", "tests\Everything.Interop.Tests\Everything.Interop.Tests.csproj", "{0DA707B0-DAA1-4687-9ECC-90522626E746}"
EndProject
Project("{9A19103F-16F7-4668-BE54-9A1E7A4F7556}") = "Everything.Integration.Tests", "tests\Everything.Integration.Tests\Everything.Integration.Tests.csproj", "{FDA6CD10-7DEF-461C-9BFB-42ECD2760718}"
EndProject
Global
	GlobalSection(SolutionConfigurationPlatforms) = preSolution
		Debug|Any CPU = Debug|Any CPU
		Release|Any CPU = Release|Any CPU
	EndGlobalSection
	GlobalSection(ProjectConfigurationPlatforms) = postSolution
		{A1B2C3D4-E5F6-7890-1234-567890ABCDEF}.Debug|Any CPU.ActiveCfg = Debug|Any CPU
		{A1B2C3D4-E5F6-7890-1234-567890ABCDEF}.Debug|Any CPU.Build.0 = Debug|Any CPU
		{A1B2C3D4-E5F6-7890-1234-567890ABCDEF}.Release|Any CPU.ActiveCfg = Release|Any CPU
		{A1B2C3D4-E5F6-7890-1234-567890ABCDEF}.Release|Any CPU.Build.0 = Release|Any CPU
		{1D10F135-7BF2-4F20-990F-80F1D617BDE2}.Debug|Any CPU.ActiveCfg = Debug|Any CPU
		{1D10F135-7BF2-4F20-990F-80F1D617BDE2}.Debug|Any CPU.Build.0 = Debug|Any CPU
		{1D10F135-7BF2-4F20-990F-80F1D617BDE2}.Release|Any CPU.ActiveCfg = Release|Any CPU
		{1D10F135-7BF2-4F20-990F-80F1D617BDE2}.Release|Any CPU.Build.0 = Release|Any CPU
		{B8C9D0E1-F2A3-4B5C-6D7E-8F90A1B2C3D4}.Debug|Any CPU.ActiveCfg = Debug|Any CPU
		{B8C9D0E1-F2A3-4B5C-6D7E-8F90A1B2C3D4}.Debug|Any CPU.Build.0 = Debug|Any CPU
		{B8C9D0E1-F2A3-4B5C-6D7E-8F90A1B2C3D4}.Release|Any CPU.ActiveCfg = Release|Any CPU
		{B8C9D0E1-F2A3-4B5C-6D7E-8F90A1B2C3D4}.Release|Any CPU.Build.0 = Release|Any CPU
		{C1D2E3F4-A5B6-7C8D-9E0F-123456789ABC}.Debug|Any CPU.ActiveCfg = Debug|Any CPU
		{C1D2E3F4-A5B6-7C8D-9E0F-123456789ABC}.Debug|Any CPU.Build.0 = Debug|Any CPU
		{C1D2E3F4-A5B6-7C8D-9E0F-123456789ABC}.Release|Any CPU.ActiveCfg = Release|Any CPU
		{C1D2E3F4-A5B6-7C8D-9E0F-123456789ABC}.Release|Any CPU.Build.0 = Release|Any CPU
		{0DA707B0-DAA1-4687-9ECC-90522626E746}.Debug|Any CPU.ActiveCfg = Debug|Any CPU
		{0DA707B0-DAA1-4687-9ECC-90522626E746}.Debug|Any CPU.Build.0 = Debug|Any CPU
		{0DA707B0-DAA1-4687-9ECC-90522626E746}.Release|Any CPU.ActiveCfg = Release|Any CPU
		{0DA707B0-DAA1-4687-9ECC-90522626E746}.Release|Any CPU.Build.0 = Release|Any CPU
		{FDA6CD10-7DEF-461C-9BFB-42ECD2760718}.Debug|Any CPU.ActiveCfg = Debug|Any CPU
		{FDA6CD10-7DEF-461C-9BFB-42ECD2760718}.Debug|Any CPU.Build.0 = Debug|Any CPU
		{FDA6CD10-7DEF-461C-9BFB-42ECD2760718}.Release|Any CPU.ActiveCfg = Release|Any CPU
		{FDA6CD10-7DEF-461C-9BFB-42ECD2760718}.Release|Any CPU.Build.0 = Release|Any CPU
	EndGlobalSection
	GlobalSection(SolutionProperties) = preSolution
		HideSolutionNode = FALSE
	EndGlobalSection
	GlobalSection(ExtensibilityGlobals) = postSolution
		SolutionGuid = {12345678-9012-3456-7890-123456789012}
	EndGlobalSection
EndGlobal
